
Microsoft Visual Studio Solution File, Format Version 12.00
# Visual Studio Version 16
VisualStudioVersion = 16.0.31313.79
MinimumVisualStudioVersion = 10.0.40219.1
Project("{FAE04EC0-301F-11D3-BF4B-00C04F79EFBC}") = "TestUngDung", "TestUngDung\TestUngDung.csproj", "{9C7DD6B1-6865-48A1-A6C3-009DA4642129}"
EndProject
Project("{FAE04EC0-301F-11D3-BF4B-00C04F79EFBC}") = "ModelEF", "ModelEF\ModelEF.csproj", "{86ED90E7-CD7D-44B8-87E9-5908F3FAF407}"
EndProject
Global
	GlobalSection(SolutionConfigurationPlatforms) = preSolution
		Debug|Any CPU = Debug|Any CPU
		Release|Any CPU = Release|Any CPU
	EndGlobalSection
	GlobalSection(ProjectConfigurationPlatforms) = postSolution
		{9C7DD6B1-6865-48A1-A6C3-009DA4642129}.Debug|Any CPU.ActiveCfg = Debug|Any CPU
		{9C7DD6B1-6865-48A1-A6C3-009DA4642129}.Debug|Any CPU.Build.0 = Debug|Any CPU
		{9C7DD6B1-6865-48A1-A6C3-009DA4642129}.Release|Any CPU.ActiveCfg = Release|Any CPU
		{9C7DD6B1-6865-48A1-A6C3-009DA4642129}.Release|Any CPU.Build.0 = Release|Any CPU
		{86ED90E7-CD7D-44B8-87E9-5908F3FAF407}.Debug|Any CPU.ActiveCfg = Debug|Any CPU
		{86ED90E7-CD7D-44B8-87E9-5908F3FAF407}.Debug|Any CPU.Build.0 = Debug|Any CPU
		{86ED90E7-CD7D-44B8-87E9-5908F3FAF407}.Release|Any CPU.ActiveCfg = Release|Any CPU
		{86ED90E7-CD7D-44B8-87E9-5908F3FAF407}.Release|Any CPU.Build.0 = Release|Any CPU
	EndGlobalSection
	GlobalSection(SolutionProperties) = preSolution
		HideSolutionNode = FALSE
	EndGlobalSection
	GlobalSection(ExtensibilityGlobals) = postSolution
		SolutionGuid = {5CC758F5-865D-4553-910C-3733B73067E9}
	EndGlobalSection
EndGlobal
